
Microsoft Visual Studio Solution File, Format Version 12.00
# Visual Studio Version 17
VisualStudioVersion = 17.14.36511.14 d17.14
MinimumVisualStudioVersion = 10.0.40219.1
Project("{FAE04EC0-301F-11D3-BF4B-00C04F79EFBC}") = "FQ25L062_DemoCallApi", "FQ25L062_DemoCallApi\FQ25L062_DemoCallApi.csproj", "{7A3C847C-81D2-48A9-AA8E-9A2F8F35CA28}"
EndProject
Global
	GlobalSection(SolutionConfigurationPlatforms) = preSolution
		Debug|Any CPU = Debug|Any CPU
		Release|Any CPU = Release|Any CPU
	EndGlobalSection
	GlobalSection(ProjectConfigurationPlatforms) = postSolution
		{7A3C847C-81D2-48A9-AA8E-9A2F8F35CA28}.Debug|Any CPU.ActiveCfg = Debug|Any CPU
		{7A3C847C-81D2-48A9-AA8E-9A2F8F35CA28}.Debug|Any CPU.Build.0 = Debug|Any CPU
		{7A3C847C-81D2-48A9-AA8E-9A2F8F35CA28}.Release|Any CPU.ActiveCfg = Release|Any CPU
		{7A3C847C-81D2-48A9-AA8E-9A2F8F35CA28}.Release|Any CPU.Build.0 = Release|Any CPU
	EndGlobalSection
	GlobalSection(SolutionProperties) = preSolution
		HideSolutionNode = FALSE
	EndGlobalSection
	GlobalSection(ExtensibilityGlobals) = postSolution
		SolutionGuid = {F86A34C1-3BFE-4650-9B74-B3A8955E1A88}
	EndGlobalSection
EndGlobal
